// !$*UTF8*$!
{
	archiveVersion = 1;
	classes = {
	};
	objectVersion = 46;
	objects = {

/* Begin PBXBuildFile section */
		1D3623260D0F684500981E51 /* AVSyncAppDelegate.m in Sources */ = {isa = PBXBuildFile; fileRef = 1D3623250D0F684500981E51 /* AVSyncAppDelegate.m */; };
		1D60589B0D05DD56006BFB54 /* main.m in Sources */ = {isa = PBXBuildFile; fileRef = 29B97316FDCFA39411CA2CEA /* main.m */; };
		2899E5220DE3E06400AC0155 /* AVSyncViewController.xib in Resources */ = {isa = PBXBuildFile; fileRef = 2899E5210DE3E06400AC0155 /* AVSyncViewController.xib */; };
		28AD733F0D9D9553002E5188 /* MainWindow.xib in Resources */ = {isa = PBXBuildFile; fileRef = 28AD733E0D9D9553002E5188 /* MainWindow.xib */; };
		28D7ACF80DDB3853001CB0EB /* AVSyncViewController.m in Sources */ = {isa = PBXBuildFile; fileRef = 28D7ACF70DDB3853001CB0EB /* AVSyncViewController.m */; };
		CD143B7C138231BA00963BBE /* LS_Back_C_45BPM.caf in Resources */ = {isa = PBXBuildFile; fileRef = CD143B79138231BA00963BBE /* LS_Back_C_45BPM.caf */; };
		CD143B7D138231BA00963BBE /* LS_Back_C_70BPM.caf in Resources */ = {isa = PBXBuildFile; fileRef = CD143B7A138231BA00963BBE /* LS_Back_C_70BPM.caf */; };
		CD143B7E138231BA00963BBE /* LS_C_Major_Open_4ths.mvid.7z in Resources */ = {isa = PBXBuildFile; fileRef = CD143B7B138231BA00963BBE /* LS_C_Major_Open_4ths.mvid.7z */; };
		CD143BAD1382351F00963BBE /* note_256.png in Resources */ = {isa = PBXBuildFile; fileRef = CD143BAC1382351F00963BBE /* note_256.png */; };
		CD143C21138235FC00963BBE /* 7zBuf.c in Sources */ = {isa = PBXBuildFile; fileRef = CD143BFD138235FC00963BBE /* 7zBuf.c */; };
		CD143C22138235FC00963BBE /* 7zBuf2.c in Sources */ = {isa = PBXBuildFile; fileRef = CD143BFF138235FC00963BBE /* 7zBuf2.c */; };
		CD143C23138235FC00963BBE /* 7zDec.c in Sources */ = {isa = PBXBuildFile; fileRef = CD143C00138235FC00963BBE /* 7zDec.c */; };
		CD143C24138235FC00963BBE /* 7zFile.c in Sources */ = {isa = PBXBuildFile; fileRef = CD143C01138235FC00963BBE /* 7zFile.c */; };
		CD143C25138235FC00963BBE /* 7zIn.c in Sources */ = {isa = PBXBuildFile; fileRef = CD143C03138235FC00963BBE /* 7zIn.c */; };
		CD143C26138235FC00963BBE /* 7zStream.c in Sources */ = {isa = PBXBuildFile; fileRef = CD143C04138235FC00963BBE /* 7zStream.c */; };
		CD143C27138235FC00963BBE /* Alloc.c in Sources */ = {isa = PBXBuildFile; fileRef = CD143C06138235FC00963BBE /* Alloc.c */; };
		CD143C28138235FC00963BBE /* CpuArch.c in Sources */ = {isa = PBXBuildFile; fileRef = CD143C08138235FC00963BBE /* CpuArch.c */; };
		CD143C29138235FC00963BBE /* Delta.c in Sources */ = {isa = PBXBuildFile; fileRef = CD143C0A138235FC00963BBE /* Delta.c */; };
		CD143C2A138235FC00963BBE /* Lzma2Dec.c in Sources */ = {isa = PBXBuildFile; fileRef = CD143C0D138235FC00963BBE /* Lzma2Dec.c */; };
		CD143C2B138235FC00963BBE /* LzmaDec.c in Sources */ = {isa = PBXBuildFile; fileRef = CD143C0F138235FC00963BBE /* LzmaDec.c */; };
		CD143C2C138235FC00963BBE /* LZMAExtractor.m in Sources */ = {isa = PBXBuildFile; fileRef = CD143C12138235FC00963BBE /* LZMAExtractor.m */; };
		CD143C2D138235FC00963BBE /* Ppmd7.c in Sources */ = {isa = PBXBuildFile; fileRef = CD143C14138235FC00963BBE /* Ppmd7.c */; };
		CD143C2E138235FC00963BBE /* Ppmd7Dec.c in Sources */ = {isa = PBXBuildFile; fileRef = CD143C16138235FC00963BBE /* Ppmd7Dec.c */; };
		CD143C2F138235FC00963BBE /* Ppmd8.c in Sources */ = {isa = PBXBuildFile; fileRef = CD143C17138235FC00963BBE /* Ppmd8.c */; };
		CD143C30138235FC00963BBE /* Ppmd8Dec.c in Sources */ = {isa = PBXBuildFile; fileRef = CD143C19138235FC00963BBE /* Ppmd8Dec.c */; };
		CD143C31138235FC00963BBE /* 7zAlloc.c in Sources */ = {isa = PBXBuildFile; fileRef = CD143C1E138235FC00963BBE /* 7zAlloc.c */; };
		CD143C32138235FC00963BBE /* 7zMain.c in Sources */ = {isa = PBXBuildFile; fileRef = CD143C20138235FC00963BBE /* 7zMain.c */; };
		CD143D6E1382363500963BBE /* MediaPlayer.framework in Frameworks */ = {isa = PBXBuildFile; fileRef = CD143D671382363500963BBE /* MediaPlayer.framework */; };
		CD143D6F1382363500963BBE /* QuartzCore.framework in Frameworks */ = {isa = PBXBuildFile; fileRef = CD143D681382363500963BBE /* QuartzCore.framework */; };
		CD143D701382363500963BBE /* AudioToolbox.framework in Frameworks */ = {isa = PBXBuildFile; fileRef = CD143D691382363500963BBE /* AudioToolbox.framework */; };
		CD143D711382363500963BBE /* AVFoundation.framework in Frameworks */ = {isa = PBXBuildFile; fileRef = CD143D6A1382363500963BBE /* AVFoundation.framework */; };
		CD143D721382363500963BBE /* UIKit.framework in Frameworks */ = {isa = PBXBuildFile; fileRef = CD143D6B1382363500963BBE /* UIKit.framework */; };
		CD143D731382363500963BBE /* Foundation.framework in Frameworks */ = {isa = PBXBuildFile; fileRef = CD143D6C1382363500963BBE /* Foundation.framework */; };
		CD143D741382363500963BBE /* CoreGraphics.framework in Frameworks */ = {isa = PBXBuildFile; fileRef = CD143D6D1382363500963BBE /* CoreGraphics.framework */; };
		CD143D8A1382366800963BBE /* AutoPropertyRelease.m in Sources */ = {isa = PBXBuildFile; fileRef = CD143D891382366800963BBE /* AutoPropertyRelease.m */; };
		CD143D901382368500963BBE /* libz.dylib in Frameworks */ = {isa = PBXBuildFile; fileRef = CD143D8F1382368500963BBE /* libz.dylib */; };
		CD143E031382577800963BBE /* MovieControlsView.m in Sources */ = {isa = PBXBuildFile; fileRef = CD143DF91382577800963BBE /* MovieControlsView.m */; };
		CD143E041382577800963BBE /* MovieControlsViewController.m in Sources */ = {isa = PBXBuildFile; fileRef = CD143DFB1382577800963BBE /* MovieControlsViewController.m */; };
		CD143E051382577800963BBE /* MovieTransportBackground.png in Resources */ = {isa = PBXBuildFile; fileRef = CD143DFC1382577800963BBE /* MovieTransportBackground.png */; };
		CD143E061382577800963BBE /* nexttrack.png in Resources */ = {isa = PBXBuildFile; fileRef = CD143DFD1382577800963BBE /* nexttrack.png */; };
		CD143E071382577800963BBE /* pause.png in Resources */ = {isa = PBXBuildFile; fileRef = CD143DFE1382577800963BBE /* pause.png */; };
		CD143E081382577800963BBE /* play.png in Resources */ = {isa = PBXBuildFile; fileRef = CD143DFF1382577800963BBE /* play.png */; };
		CD143E091382577800963BBE /* prevtrack.png in Resources */ = {isa = PBXBuildFile; fileRef = CD143E001382577800963BBE /* prevtrack.png */; };
		CD143E0A1382577800963BBE /* VolumeLeftTall.png in Resources */ = {isa = PBXBuildFile; fileRef = CD143E011382577800963BBE /* VolumeLeftTall.png */; };
		CD143E0B1382577800963BBE /* VolumeRightTall.png in Resources */ = {isa = PBXBuildFile; fileRef = CD143E021382577800963BBE /* VolumeRightTall.png */; };
		CD143E1D138257E100963BBE /* MovieControlsAdaptor.m in Sources */ = {isa = PBXBuildFile; fileRef = CD143E1C138257E100963BBE /* MovieControlsAdaptor.m */; };
		CD2637D81390254400E18F0C /* Icon.png in Resources */ = {isa = PBXBuildFile; fileRef = CD2637D71390254400E18F0C /* Icon.png */; };
		CDFB99AE1628ADA900AF74B5 /* ApngConvertMaxvid.m in Sources */ = {isa = PBXBuildFile; fileRef = CDFB996F1628ADA900AF74B5 /* ApngConvertMaxvid.m */; };
		CDFB99AF1628ADA900AF74B5 /* AV7zApng2MvidResourceLoader.m in Sources */ = {isa = PBXBuildFile; fileRef = CDFB99711628ADA900AF74B5 /* AV7zApng2MvidResourceLoader.m */; };
		CDFB99B01628ADA900AF74B5 /* AV7zAppResourceLoader.m in Sources */ = {isa = PBXBuildFile; fileRef = CDFB99731628ADA900AF74B5 /* AV7zAppResourceLoader.m */; };
		CDFB99B11628ADA900AF74B5 /* AV7zQT2MvidResourceLoader.m in Sources */ = {isa = PBXBuildFile; fileRef = CDFB99751628ADA900AF74B5 /* AV7zQT2MvidResourceLoader.m */; };
		CDFB99B21628ADA900AF74B5 /* AVAnimatorLayer.m in Sources */ = {isa = PBXBuildFile; fileRef = CDFB99771628ADA900AF74B5 /* AVAnimatorLayer.m */; };
		CDFB99B31628ADA900AF74B5 /* AVAnimatorMedia.m in Sources */ = {isa = PBXBuildFile; fileRef = CDFB997A1628ADA900AF74B5 /* AVAnimatorMedia.m */; };
		CDFB99B41628ADA900AF74B5 /* AVAnimatorView.m in Sources */ = {isa = PBXBuildFile; fileRef = CDFB997E1628ADA900AF74B5 /* AVAnimatorView.m */; };
		CDFB99B51628ADA900AF74B5 /* AVApng2MvidResourceLoader.m in Sources */ = {isa = PBXBuildFile; fileRef = CDFB99811628ADA900AF74B5 /* AVApng2MvidResourceLoader.m */; };
		CDFB99B61628ADA900AF74B5 /* AVAppResourceLoader.m in Sources */ = {isa = PBXBuildFile; fileRef = CDFB99831628ADA900AF74B5 /* AVAppResourceLoader.m */; };
		CDFB99B71628ADA900AF74B5 /* AVAsset2MvidResourceLoader.m in Sources */ = {isa = PBXBuildFile; fileRef = CDFB99851628ADA900AF74B5 /* AVAsset2MvidResourceLoader.m */; };
		CDFB99B81628ADA900AF74B5 /* AVAssetReaderConvertMaxvid.m in Sources */ = {isa = PBXBuildFile; fileRef = CDFB99881628ADA900AF74B5 /* AVAssetReaderConvertMaxvid.m */; };
		CDFB99B91628ADA900AF74B5 /* AVAssetWriterConvertFromMaxvid.m in Sources */ = {isa = PBXBuildFile; fileRef = CDFB998A1628ADA900AF74B5 /* AVAssetWriterConvertFromMaxvid.m */; };
		CDFB99BA1628ADA900AF74B5 /* AVFileUtil.m in Sources */ = {isa = PBXBuildFile; fileRef = CDFB998C1628ADA900AF74B5 /* AVFileUtil.m */; };
		CDFB99BB1628ADA900AF74B5 /* AVFrame.m in Sources */ = {isa = PBXBuildFile; fileRef = CDFB998E1628ADA900AF74B5 /* AVFrame.m */; };
		CDFB99BC1628ADA900AF74B5 /* AVFrameDecoder.m in Sources */ = {isa = PBXBuildFile; fileRef = CDFB99901628ADA900AF74B5 /* AVFrameDecoder.m */; };
		CDFB99BD1628ADA900AF74B5 /* AVImageFrameDecoder.m in Sources */ = {isa = PBXBuildFile; fileRef = CDFB99921628ADA900AF74B5 /* AVImageFrameDecoder.m */; };
		CDFB99BE1628ADA900AF74B5 /* AVMvidFileWriter.m in Sources */ = {isa = PBXBuildFile; fileRef = CDFB99941628ADA900AF74B5 /* AVMvidFileWriter.m */; };
		CDFB99BF1628ADA900AF74B5 /* AVMvidFrameDecoder.m in Sources */ = {isa = PBXBuildFile; fileRef = CDFB99961628ADA900AF74B5 /* AVMvidFrameDecoder.m */; };
		CDFB99C01628ADA900AF74B5 /* AVOfflineComposition.m in Sources */ = {isa = PBXBuildFile; fileRef = CDFB99981628ADA900AF74B5 /* AVOfflineComposition.m */; };
		CDFB99C11628ADA900AF74B5 /* AVQTAnimationFrameDecoder.m in Sources */ = {isa = PBXBuildFile; fileRef = CDFB999A1628ADA900AF74B5 /* AVQTAnimationFrameDecoder.m */; };
		CDFB99C21628ADA900AF74B5 /* AVResourceLoader.m in Sources */ = {isa = PBXBuildFile; fileRef = CDFB999C1628ADA900AF74B5 /* AVResourceLoader.m */; };
		CDFB99C31628ADA900AF74B5 /* CGFrameBuffer.m in Sources */ = {isa = PBXBuildFile; fileRef = CDFB999E1628ADA900AF74B5 /* CGFrameBuffer.m */; };
		CDFB99C41628ADA900AF74B5 /* libapng.c in Sources */ = {isa = PBXBuildFile; fileRef = CDFB999F1628ADA900AF74B5 /* libapng.c */; };
		CDFB99C51628ADA900AF74B5 /* maxvid_decode_arm.s in Sources */ = {isa = PBXBuildFile; fileRef = CDFB99A11628ADA900AF74B5 /* maxvid_decode_arm.s */; settings = {COMPILER_FLAGS = "-no-integrated-as"; }; };
		CDFB99C61628ADA900AF74B5 /* maxvid_decode.c in Sources */ = {isa = PBXBuildFile; fileRef = CDFB99A21628ADA900AF74B5 /* maxvid_decode.c */; };
		CDFB99C71628ADA900AF74B5 /* maxvid_encode.m in Sources */ = {isa = PBXBuildFile; fileRef = CDFB99A51628ADA900AF74B5 /* maxvid_encode.m */; };
		CDFB99C81628ADA900AF74B5 /* maxvid_file.c in Sources */ = {isa = PBXBuildFile; fileRef = CDFB99A61628ADA900AF74B5 /* maxvid_file.c */; };
		CDFB99C91628ADA900AF74B5 /* movdata.c in Sources */ = {isa = PBXBuildFile; fileRef = CDFB99A81628ADA900AF74B5 /* movdata.c */; };
		CDFB99CA1628ADA900AF74B5 /* MovdataConvertMaxvid.m in Sources */ = {isa = PBXBuildFile; fileRef = CDFB99AB1628ADA900AF74B5 /* MovdataConvertMaxvid.m */; };
		CDFB99CB1628ADA900AF74B5 /* SegmentedMappedData.m in Sources */ = {isa = PBXBuildFile; fileRef = CDFB99AD1628ADA900AF74B5 /* SegmentedMappedData.m */; };
		CDFB99CD1628AE0E00AF74B5 /* CoreMedia.framework in Frameworks */ = {isa = PBXBuildFile; fileRef = CDFB99CC1628AE0E00AF74B5 /* CoreMedia.framework */; };
		CDFB99CF1628AE1500AF74B5 /* CoreVideo.framework in Frameworks */ = {isa = PBXBuildFile; fileRef = CDFB99CE1628AE1500AF74B5 /* CoreVideo.framework */; };
/* End PBXBuildFile section */

/* Begin PBXFileReference section */
		1D3623240D0F684500981E51 /* AVSyncAppDelegate.h */ = {isa = PBXFileReference; fileEncoding = 4; lastKnownFileType = sourcecode.c.h; path = AVSyncAppDelegate.h; sourceTree = "<group>"; };
		1D3623250D0F684500981E51 /* AVSyncAppDelegate.m */ = {isa = PBXFileReference; fileEncoding = 4; lastKnownFileType = sourcecode.c.objc; path = AVSyncAppDelegate.m; sourceTree = "<group>"; };
		1D6058910D05DD3D006BFB54 /* AVSync.app */ = {isa = PBXFileReference; explicitFileType = wrapper.application; includeInIndex = 0; path = AVSync.app; sourceTree = BUILT_PRODUCTS_DIR; };
		2899E5210DE3E06400AC0155 /* AVSyncViewController.xib */ = {isa = PBXFileReference; lastKnownFileType = file.xib; path = AVSyncViewController.xib; sourceTree = "<group>"; };
		28AD733E0D9D9553002E5188 /* MainWindow.xib */ = {isa = PBXFileReference; lastKnownFileType = file.xib; path = MainWindow.xib; sourceTree = "<group>"; };
		28D7ACF60DDB3853001CB0EB /* AVSyncViewController.h */ = {isa = PBXFileReference; fileEncoding = 4; lastKnownFileType = sourcecode.c.h; path = AVSyncViewController.h; sourceTree = "<group>"; };
		28D7ACF70DDB3853001CB0EB /* AVSyncViewController.m */ = {isa = PBXFileReference; fileEncoding = 4; lastKnownFileType = sourcecode.c.objc; path = AVSyncViewController.m; sourceTree = "<group>"; };
		29B97316FDCFA39411CA2CEA /* main.m */ = {isa = PBXFileReference; fileEncoding = 4; lastKnownFileType = sourcecode.c.objc; path = main.m; sourceTree = "<group>"; };
		32CA4F630368D1EE00C91783 /* AVSync_Prefix.pch */ = {isa = PBXFileReference; fileEncoding = 4; lastKnownFileType = sourcecode.c.h; path = AVSync_Prefix.pch; sourceTree = "<group>"; };
		8D1107310486CEB800E47090 /* AVSync-Info.plist */ = {isa = PBXFileReference; fileEncoding = 4; lastKnownFileType = text.plist.xml; path = "AVSync-Info.plist"; plistStructureDefinitionIdentifier = "com.apple.xcode.plist.structure-definition.iphone.info-plist"; sourceTree = "<group>"; };
		CD143B79138231BA00963BBE /* LS_Back_C_45BPM.caf */ = {isa = PBXFileReference; lastKnownFileType = file; path = LS_Back_C_45BPM.caf; sourceTree = "<group>"; };
		CD143B7A138231BA00963BBE /* LS_Back_C_70BPM.caf */ = {isa = PBXFileReference; lastKnownFileType = file; path = LS_Back_C_70BPM.caf; sourceTree = "<group>"; };
		CD143B7B138231BA00963BBE /* LS_C_Major_Open_4ths.mvid.7z */ = {isa = PBXFileReference; lastKnownFileType = file; path = LS_C_Major_Open_4ths.mvid.7z; sourceTree = "<group>"; };
		CD143BAC1382351F00963BBE /* note_256.png */ = {isa = PBXFileReference; lastKnownFileType = image.png; path = note_256.png; sourceTree = "<group>"; };
		CD143BFC138235FC00963BBE /* 7z.h */ = {isa = PBXFileReference; fileEncoding = 4; lastKnownFileType = sourcecode.c.h; path = 7z.h; sourceTree = "<group>"; };
		CD143BFD138235FC00963BBE /* 7zBuf.c */ = {isa = PBXFileReference; fileEncoding = 4; lastKnownFileType = sourcecode.c.c; path = 7zBuf.c; sourceTree = "<group>"; };
		CD143BFE138235FC00963BBE /* 7zBuf.h */ = {isa = PBXFileReference; fileEncoding = 4; lastKnownFileType = sourcecode.c.h; path = 7zBuf.h; sourceTree = "<group>"; };
		CD143BFF138235FC00963BBE /* 7zBuf2.c */ = {isa = PBXFileReference; fileEncoding = 4; lastKnownFileType = sourcecode.c.c; path = 7zBuf2.c; sourceTree = "<group>"; };
		CD143C00138235FC00963BBE /* 7zDec.c */ = {isa = PBXFileReference; fileEncoding = 4; lastKnownFileType = sourcecode.c.c; path = 7zDec.c; sourceTree = "<group>"; };
		CD143C01138235FC00963BBE /* 7zFile.c */ = {isa = PBXFileReference; fileEncoding = 4; lastKnownFileType = sourcecode.c.c; path = 7zFile.c; sourceTree = "<group>"; };
		CD143C02138235FC00963BBE /* 7zFile.h */ = {isa = PBXFileReference; fileEncoding = 4; lastKnownFileType = sourcecode.c.h; path = 7zFile.h; sourceTree = "<group>"; };
		CD143C03138235FC00963BBE /* 7zIn.c */ = {isa = PBXFileReference; fileEncoding = 4; lastKnownFileType = sourcecode.c.c; path = 7zIn.c; sourceTree = "<group>"; };
		CD143C04138235FC00963BBE /* 7zStream.c */ = {isa = PBXFileReference; fileEncoding = 4; lastKnownFileType = sourcecode.c.c; path = 7zStream.c; sourceTree = "<group>"; };
		CD143C05138235FC00963BBE /* 7zVersion.h */ = {isa = PBXFileReference; fileEncoding = 4; lastKnownFileType = sourcecode.c.h; path = 7zVersion.h; sourceTree = "<group>"; };
		CD143C06138235FC00963BBE /* Alloc.c */ = {isa = PBXFileReference; fileEncoding = 4; lastKnownFileType = sourcecode.c.c; path = Alloc.c; sourceTree = "<group>"; };
		CD143C07138235FC00963BBE /* Alloc.h */ = {isa = PBXFileReference; fileEncoding = 4; lastKnownFileType = sourcecode.c.h; path = Alloc.h; sourceTree = "<group>"; };
		CD143C08138235FC00963BBE /* CpuArch.c */ = {isa = PBXFileReference; fileEncoding = 4; lastKnownFileType = sourcecode.c.c; path = CpuArch.c; sourceTree = "<group>"; };
		CD143C09138235FC00963BBE /* CpuArch.h */ = {isa = PBXFileReference; fileEncoding = 4; lastKnownFileType = sourcecode.c.h; path = CpuArch.h; sourceTree = "<group>"; };
		CD143C0A138235FC00963BBE /* Delta.c */ = {isa = PBXFileReference; fileEncoding = 4; lastKnownFileType = sourcecode.c.c; path = Delta.c; sourceTree = "<group>"; };
		CD143C0B138235FC00963BBE /* Delta.h */ = {isa = PBXFileReference; fileEncoding = 4; lastKnownFileType = sourcecode.c.h; path = Delta.h; sourceTree = "<group>"; };
		CD143C0C138235FC00963BBE /* LzHash.h */ = {isa = PBXFileReference; fileEncoding = 4; lastKnownFileType = sourcecode.c.h; path = LzHash.h; sourceTree = "<group>"; };
		CD143C0D138235FC00963BBE /* Lzma2Dec.c */ = {isa = PBXFileReference; fileEncoding = 4; lastKnownFileType = sourcecode.c.c; path = Lzma2Dec.c; sourceTree = "<group>"; };
		CD143C0E138235FC00963BBE /* Lzma2Dec.h */ = {isa = PBXFileReference; fileEncoding = 4; lastKnownFileType = sourcecode.c.h; path = Lzma2Dec.h; sourceTree = "<group>"; };
		CD143C0F138235FC00963BBE /* LzmaDec.c */ = {isa = PBXFileReference; fileEncoding = 4; lastKnownFileType = sourcecode.c.c; path = LzmaDec.c; sourceTree = "<group>"; };
		CD143C10138235FC00963BBE /* LzmaDec.h */ = {isa = PBXFileReference; fileEncoding = 4; lastKnownFileType = sourcecode.c.h; path = LzmaDec.h; sourceTree = "<group>"; };
		CD143C11138235FC00963BBE /* LZMAExtractor.h */ = {isa = PBXFileReference; fileEncoding = 4; lastKnownFileType = sourcecode.c.h; path = LZMAExtractor.h; sourceTree = "<group>"; };
		CD143C12138235FC00963BBE /* LZMAExtractor.m */ = {isa = PBXFileReference; fileEncoding = 4; lastKnownFileType = sourcecode.c.objc; path = LZMAExtractor.m; sourceTree = "<group>"; };
		CD143C13138235FC00963BBE /* Ppmd.h */ = {isa = PBXFileReference; fileEncoding = 4; lastKnownFileType = sourcecode.c.h; path = Ppmd.h; sourceTree = "<group>"; };
		CD143C14138235FC00963BBE /* Ppmd7.c */ = {isa = PBXFileReference; fileEncoding = 4; lastKnownFileType = sourcecode.c.c; path = Ppmd7.c; sourceTree = "<group>"; };
		CD143C15138235FC00963BBE /* Ppmd7.h */ = {isa = PBXFileReference; fileEncoding = 4; lastKnownFileType = sourcecode.c.h; path = Ppmd7.h; sourceTree = "<group>"; };
		CD143C16138235FC00963BBE /* Ppmd7Dec.c */ = {isa = PBXFileReference; fileEncoding = 4; lastKnownFileType = sourcecode.c.c; path = Ppmd7Dec.c; sourceTree = "<group>"; };
		CD143C17138235FC00963BBE /* Ppmd8.c */ = {isa = PBXFileReference; fileEncoding = 4; lastKnownFileType = sourcecode.c.c; path = Ppmd8.c; sourceTree = "<group>"; };
		CD143C18138235FC00963BBE /* Ppmd8.h */ = {isa = PBXFileReference; fileEncoding = 4; lastKnownFileType = sourcecode.c.h; path = Ppmd8.h; sourceTree = "<group>"; };
		CD143C19138235FC00963BBE /* Ppmd8Dec.c */ = {isa = PBXFileReference; fileEncoding = 4; lastKnownFileType = sourcecode.c.c; path = Ppmd8Dec.c; sourceTree = "<group>"; };
		CD143C1A138235FC00963BBE /* RotateDefs.h */ = {isa = PBXFileReference; fileEncoding = 4; lastKnownFileType = sourcecode.c.h; path = RotateDefs.h; sourceTree = "<group>"; };
		CD143C1B138235FC00963BBE /* Types.h */ = {isa = PBXFileReference; fileEncoding = 4; lastKnownFileType = sourcecode.c.h; path = Types.h; sourceTree = "<group>"; };
		CD143C1E138235FC00963BBE /* 7zAlloc.c */ = {isa = PBXFileReference; fileEncoding = 4; lastKnownFileType = sourcecode.c.c; path = 7zAlloc.c; sourceTree = "<group>"; };
		CD143C1F138235FC00963BBE /* 7zAlloc.h */ = {isa = PBXFileReference; fileEncoding = 4; lastKnownFileType = sourcecode.c.h; path = 7zAlloc.h; sourceTree = "<group>"; };
		CD143C20138235FC00963BBE /* 7zMain.c */ = {isa = PBXFileReference; fileEncoding = 4; lastKnownFileType = sourcecode.c.c; path = 7zMain.c; sourceTree = "<group>"; };
		CD143D671382363500963BBE /* MediaPlayer.framework */ = {isa = PBXFileReference; lastKnownFileType = wrapper.framework; name = MediaPlayer.framework; path = System/Library/Frameworks/MediaPlayer.framework; sourceTree = SDKROOT; };
		CD143D681382363500963BBE /* QuartzCore.framework */ = {isa = PBXFileReference; lastKnownFileType = wrapper.framework; name = QuartzCore.framework; path = System/Library/Frameworks/QuartzCore.framework; sourceTree = SDKROOT; };
		CD143D691382363500963BBE /* AudioToolbox.framework */ = {isa = PBXFileReference; lastKnownFileType = wrapper.framework; name = AudioToolbox.framework; path = System/Library/Frameworks/AudioToolbox.framework; sourceTree = SDKROOT; };
		CD143D6A1382363500963BBE /* AVFoundation.framework */ = {isa = PBXFileReference; lastKnownFileType = wrapper.framework; name = AVFoundation.framework; path = System/Library/Frameworks/AVFoundation.framework; sourceTree = SDKROOT; };
		CD143D6B1382363500963BBE /* UIKit.framework */ = {isa = PBXFileReference; lastKnownFileType = wrapper.framework; name = UIKit.framework; path = System/Library/Frameworks/UIKit.framework; sourceTree = SDKROOT; };
		CD143D6C1382363500963BBE /* Foundation.framework */ = {isa = PBXFileReference; lastKnownFileType = wrapper.framework; name = Foundation.framework; path = System/Library/Frameworks/Foundation.framework; sourceTree = SDKROOT; };
		CD143D6D1382363500963BBE /* CoreGraphics.framework */ = {isa = PBXFileReference; lastKnownFileType = wrapper.framework; name = CoreGraphics.framework; path = System/Library/Frameworks/CoreGraphics.framework; sourceTree = SDKROOT; };
		CD143D881382366800963BBE /* AutoPropertyRelease.h */ = {isa = PBXFileReference; fileEncoding = 4; lastKnownFileType = sourcecode.c.h; path = AutoPropertyRelease.h; sourceTree = "<group>"; };
		CD143D891382366800963BBE /* AutoPropertyRelease.m */ = {isa = PBXFileReference; fileEncoding = 4; lastKnownFileType = sourcecode.c.objc; path = AutoPropertyRelease.m; sourceTree = "<group>"; };
		CD143D8F1382368500963BBE /* libz.dylib */ = {isa = PBXFileReference; lastKnownFileType = "compiled.mach-o.dylib"; name = libz.dylib; path = usr/lib/libz.dylib; sourceTree = SDKROOT; };
		CD143DF81382577800963BBE /* MovieControlsView.h */ = {isa = PBXFileReference; fileEncoding = 4; lastKnownFileType = sourcecode.c.h; path = MovieControlsView.h; sourceTree = "<group>"; };
		CD143DF91382577800963BBE /* MovieControlsView.m */ = {isa = PBXFileReference; fileEncoding = 4; lastKnownFileType = sourcecode.c.objc; path = MovieControlsView.m; sourceTree = "<group>"; };
		CD143DFA1382577800963BBE /* MovieControlsViewController.h */ = {isa = PBXFileReference; fileEncoding = 4; lastKnownFileType = sourcecode.c.h; path = MovieControlsViewController.h; sourceTree = "<group>"; };
		CD143DFB1382577800963BBE /* MovieControlsViewController.m */ = {isa = PBXFileReference; fileEncoding = 4; lastKnownFileType = sourcecode.c.objc; path = MovieControlsViewController.m; sourceTree = "<group>"; };
		CD143DFC1382577800963BBE /* MovieTransportBackground.png */ = {isa = PBXFileReference; lastKnownFileType = image.png; path = MovieTransportBackground.png; sourceTree = "<group>"; };
		CD143DFD1382577800963BBE /* nexttrack.png */ = {isa = PBXFileReference; lastKnownFileType = image.png; path = nexttrack.png; sourceTree = "<group>"; };
		CD143DFE1382577800963BBE /* pause.png */ = {isa = PBXFileReference; lastKnownFileType = image.png; path = pause.png; sourceTree = "<group>"; };
		CD143DFF1382577800963BBE /* play.png */ = {isa = PBXFileReference; lastKnownFileType = image.png; path = play.png; sourceTree = "<group>"; };
		CD143E001382577800963BBE /* prevtrack.png */ = {isa = PBXFileReference; lastKnownFileType = image.png; path = prevtrack.png; sourceTree = "<group>"; };
		CD143E011382577800963BBE /* VolumeLeftTall.png */ = {isa = PBXFileReference; lastKnownFileType = image.png; path = VolumeLeftTall.png; sourceTree = "<group>"; };
		CD143E021382577800963BBE /* VolumeRightTall.png */ = {isa = PBXFileReference; lastKnownFileType = image.png; path = VolumeRightTall.png; sourceTree = "<group>"; };
		CD143E1B138257E100963BBE /* MovieControlsAdaptor.h */ = {isa = PBXFileReference; fileEncoding = 4; lastKnownFileType = sourcecode.c.h; path = MovieControlsAdaptor.h; sourceTree = "<group>"; };
		CD143E1C138257E100963BBE /* MovieControlsAdaptor.m */ = {isa = PBXFileReference; fileEncoding = 4; lastKnownFileType = sourcecode.c.objc; path = MovieControlsAdaptor.m; sourceTree = "<group>"; };
		CD2637D71390254400E18F0C /* Icon.png */ = {isa = PBXFileReference; lastKnownFileType = image.png; path = Icon.png; sourceTree = "<group>"; };
		CDFB996E1628ADA900AF74B5 /* ApngConvertMaxvid.h */ = {isa = PBXFileReference; fileEncoding = 4; lastKnownFileType = sourcecode.c.h; path = ApngConvertMaxvid.h; sourceTree = "<group>"; };
		CDFB996F1628ADA900AF74B5 /* ApngConvertMaxvid.m */ = {isa = PBXFileReference; fileEncoding = 4; lastKnownFileType = sourcecode.c.objc; path = ApngConvertMaxvid.m; sourceTree = "<group>"; };
		CDFB99701628ADA900AF74B5 /* AV7zApng2MvidResourceLoader.h */ = {isa = PBXFileReference; fileEncoding = 4; lastKnownFileType = sourcecode.c.h; path = AV7zApng2MvidResourceLoader.h; sourceTree = "<group>"; };
		CDFB99711628ADA900AF74B5 /* AV7zApng2MvidResourceLoader.m */ = {isa = PBXFileReference; fileEncoding = 4; lastKnownFileType = sourcecode.c.objc; path = AV7zApng2MvidResourceLoader.m; sourceTree = "<group>"; };
		CDFB99721628ADA900AF74B5 /* AV7zAppResourceLoader.h */ = {isa = PBXFileReference; fileEncoding = 4; lastKnownFileType = sourcecode.c.h; path = AV7zAppResourceLoader.h; sourceTree = "<group>"; };
		CDFB99731628ADA900AF74B5 /* AV7zAppResourceLoader.m */ = {isa = PBXFileReference; fileEncoding = 4; lastKnownFileType = sourcecode.c.objc; path = AV7zAppResourceLoader.m; sourceTree = "<group>"; };
		CDFB99741628ADA900AF74B5 /* AV7zQT2MvidResourceLoader.h */ = {isa = PBXFileReference; fileEncoding = 4; lastKnownFileType = sourcecode.c.h; path = AV7zQT2MvidResourceLoader.h; sourceTree = "<group>"; };
		CDFB99751628ADA900AF74B5 /* AV7zQT2MvidResourceLoader.m */ = {isa = PBXFileReference; fileEncoding = 4; lastKnownFileType = sourcecode.c.objc; path = AV7zQT2MvidResourceLoader.m; sourceTree = "<group>"; };
		CDFB99761628ADA900AF74B5 /* AVAnimatorLayer.h */ = {isa = PBXFileReference; fileEncoding = 4; lastKnownFileType = sourcecode.c.h; path = AVAnimatorLayer.h; sourceTree = "<group>"; };
		CDFB99771628ADA900AF74B5 /* AVAnimatorLayer.m */ = {isa = PBXFileReference; fileEncoding = 4; lastKnownFileType = sourcecode.c.objc; path = AVAnimatorLayer.m; sourceTree = "<group>"; };
		CDFB99781628ADA900AF74B5 /* AVAnimatorLayerPrivate.h */ = {isa = PBXFileReference; fileEncoding = 4; lastKnownFileType = sourcecode.c.h; path = AVAnimatorLayerPrivate.h; sourceTree = "<group>"; };
		CDFB99791628ADA900AF74B5 /* AVAnimatorMedia.h */ = {isa = PBXFileReference; fileEncoding = 4; lastKnownFileType = sourcecode.c.h; path = AVAnimatorMedia.h; sourceTree = "<group>"; };
		CDFB997A1628ADA900AF74B5 /* AVAnimatorMedia.m */ = {isa = PBXFileReference; fileEncoding = 4; lastKnownFileType = sourcecode.c.objc; path = AVAnimatorMedia.m; sourceTree = "<group>"; };
		CDFB997B1628ADA900AF74B5 /* AVAnimatorMediaPrivate.h */ = {isa = PBXFileReference; fileEncoding = 4; lastKnownFileType = sourcecode.c.h; path = AVAnimatorMediaPrivate.h; sourceTree = "<group>"; };
		CDFB997C1628ADA900AF74B5 /* AVAnimatorMediaRendererProtocol.h */ = {isa = PBXFileReference; fileEncoding = 4; lastKnownFileType = sourcecode.c.h; path = AVAnimatorMediaRendererProtocol.h; sourceTree = "<group>"; };
		CDFB997D1628ADA900AF74B5 /* AVAnimatorView.h */ = {isa = PBXFileReference; fileEncoding = 4; lastKnownFileType = sourcecode.c.h; path = AVAnimatorView.h; sourceTree = "<group>"; };
		CDFB997E1628ADA900AF74B5 /* AVAnimatorView.m */ = {isa = PBXFileReference; fileEncoding = 4; lastKnownFileType = sourcecode.c.objc; path = AVAnimatorView.m; sourceTree = "<group>"; };
		CDFB997F1628ADA900AF74B5 /* AVAnimatorViewPrivate.h */ = {isa = PBXFileReference; fileEncoding = 4; lastKnownFileType = sourcecode.c.h; path = AVAnimatorViewPrivate.h; sourceTree = "<group>"; };
		CDFB99801628ADA900AF74B5 /* AVApng2MvidResourceLoader.h */ = {isa = PBXFileReference; fileEncoding = 4; lastKnownFileType = sourcecode.c.h; path = AVApng2MvidResourceLoader.h; sourceTree = "<group>"; };
		CDFB99811628ADA900AF74B5 /* AVApng2MvidResourceLoader.m */ = {isa = PBXFileReference; fileEncoding = 4; lastKnownFileType = sourcecode.c.objc; path = AVApng2MvidResourceLoader.m; sourceTree = "<group>"; };
		CDFB99821628ADA900AF74B5 /* AVAppResourceLoader.h */ = {isa = PBXFileReference; fileEncoding = 4; lastKnownFileType = sourcecode.c.h; path = AVAppResourceLoader.h; sourceTree = "<group>"; };
		CDFB99831628ADA900AF74B5 /* AVAppResourceLoader.m */ = {isa = PBXFileReference; fileEncoding = 4; lastKnownFileType = sourcecode.c.objc; path = AVAppResourceLoader.m; sourceTree = "<group>"; };
		CDFB99841628ADA900AF74B5 /* AVAsset2MvidResourceLoader.h */ = {isa = PBXFileReference; fileEncoding = 4; lastKnownFileType = sourcecode.c.h; path = AVAsset2MvidResourceLoader.h; sourceTree = "<group>"; };
		CDFB99851628ADA900AF74B5 /* AVAsset2MvidResourceLoader.m */ = {isa = PBXFileReference; fileEncoding = 4; lastKnownFileType = sourcecode.c.objc; path = AVAsset2MvidResourceLoader.m; sourceTree = "<group>"; };
		CDFB99861628ADA900AF74B5 /* AVAssetConvertCommon.h */ = {isa = PBXFileReference; fileEncoding = 4; lastKnownFileType = sourcecode.c.h; path = AVAssetConvertCommon.h; sourceTree = "<group>"; };
		CDFB99871628ADA900AF74B5 /* AVAssetReaderConvertMaxvid.h */ = {isa = PBXFileReference; fileEncoding = 4; lastKnownFileType = sourcecode.c.h; path = AVAssetReaderConvertMaxvid.h; sourceTree = "<group>"; };
		CDFB99881628ADA900AF74B5 /* AVAssetReaderConvertMaxvid.m */ = {isa = PBXFileReference; fileEncoding = 4; lastKnownFileType = sourcecode.c.objc; path = AVAssetReaderConvertMaxvid.m; sourceTree = "<group>"; };
		CDFB99891628ADA900AF74B5 /* AVAssetWriterConvertFromMaxvid.h */ = {isa = PBXFileReference; fileEncoding = 4; lastKnownFileType = sourcecode.c.h; path = AVAssetWriterConvertFromMaxvid.h; sourceTree = "<group>"; };
		CDFB998A1628ADA900AF74B5 /* AVAssetWriterConvertFromMaxvid.m */ = {isa = PBXFileReference; fileEncoding = 4; lastKnownFileType = sourcecode.c.objc; path = AVAssetWriterConvertFromMaxvid.m; sourceTree = "<group>"; };
		CDFB998B1628ADA900AF74B5 /* AVFileUtil.h */ = {isa = PBXFileReference; fileEncoding = 4; lastKnownFileType = sourcecode.c.h; path = AVFileUtil.h; sourceTree = "<group>"; };
		CDFB998C1628ADA900AF74B5 /* AVFileUtil.m */ = {isa = PBXFileReference; fileEncoding = 4; lastKnownFileType = sourcecode.c.objc; path = AVFileUtil.m; sourceTree = "<group>"; };
		CDFB998D1628ADA900AF74B5 /* AVFrame.h */ = {isa = PBXFileReference; fileEncoding = 4; lastKnownFileType = sourcecode.c.h; path = AVFrame.h; sourceTree = "<group>"; };
		CDFB998E1628ADA900AF74B5 /* AVFrame.m */ = {isa = PBXFileReference; fileEncoding = 4; lastKnownFileType = sourcecode.c.objc; path = AVFrame.m; sourceTree = "<group>"; };
		CDFB998F1628ADA900AF74B5 /* AVFrameDecoder.h */ = {isa = PBXFileReference; fileEncoding = 4; lastKnownFileType = sourcecode.c.h; path = AVFrameDecoder.h; sourceTree = "<group>"; };
		CDFB99901628ADA900AF74B5 /* AVFrameDecoder.m */ = {isa = PBXFileReference; fileEncoding = 4; lastKnownFileType = sourcecode.c.objc; path = AVFrameDecoder.m; sourceTree = "<group>"; };
		CDFB99911628ADA900AF74B5 /* AVImageFrameDecoder.h */ = {isa = PBXFileReference; fileEncoding = 4; lastKnownFileType = sourcecode.c.h; path = AVImageFrameDecoder.h; sourceTree = "<group>"; };
		CDFB99921628ADA900AF74B5 /* AVImageFrameDecoder.m */ = {isa = PBXFileReference; fileEncoding = 4; lastKnownFileType = sourcecode.c.objc; path = AVImageFrameDecoder.m; sourceTree = "<group>"; };
		CDFB99931628ADA900AF74B5 /* AVMvidFileWriter.h */ = {isa = PBXFileReference; fileEncoding = 4; lastKnownFileType = sourcecode.c.h; path = AVMvidFileWriter.h; sourceTree = "<group>"; };
		CDFB99941628ADA900AF74B5 /* AVMvidFileWriter.m */ = {isa = PBXFileReference; fileEncoding = 4; lastKnownFileType = sourcecode.c.objc; path = AVMvidFileWriter.m; sourceTree = "<group>"; };
		CDFB99951628ADA900AF74B5 /* AVMvidFrameDecoder.h */ = {isa = PBXFileReference; fileEncoding = 4; lastKnownFileType = sourcecode.c.h; path = AVMvidFrameDecoder.h; sourceTree = "<group>"; };
		CDFB99961628ADA900AF74B5 /* AVMvidFrameDecoder.m */ = {isa = PBXFileReference; fileEncoding = 4; lastKnownFileType = sourcecode.c.objc; path = AVMvidFrameDecoder.m; sourceTree = "<group>"; };
		CDFB99971628ADA900AF74B5 /* AVOfflineComposition.h */ = {isa = PBXFileReference; fileEncoding = 4; lastKnownFileType = sourcecode.c.h; path = AVOfflineComposition.h; sourceTree = "<group>"; };
		CDFB99981628ADA900AF74B5 /* AVOfflineComposition.m */ = {isa = PBXFileReference; fileEncoding = 4; lastKnownFileType = sourcecode.c.objc; path = AVOfflineComposition.m; sourceTree = "<group>"; };
		CDFB99991628ADA900AF74B5 /* AVQTAnimationFrameDecoder.h */ = {isa = PBXFileReference; fileEncoding = 4; lastKnownFileType = sourcecode.c.h; path = AVQTAnimationFrameDecoder.h; sourceTree = "<group>"; };
		CDFB999A1628ADA900AF74B5 /* AVQTAnimationFrameDecoder.m */ = {isa = PBXFileReference; fileEncoding = 4; lastKnownFileType = sourcecode.c.objc; path = AVQTAnimationFrameDecoder.m; sourceTree = "<group>"; };
		CDFB999B1628ADA900AF74B5 /* AVResourceLoader.h */ = {isa = PBXFileReference; fileEncoding = 4; lastKnownFileType = sourcecode.c.h; path = AVResourceLoader.h; sourceTree = "<group>"; };
		CDFB999C1628ADA900AF74B5 /* AVResourceLoader.m */ = {isa = PBXFileReference; fileEncoding = 4; lastKnownFileType = sourcecode.c.objc; path = AVResourceLoader.m; sourceTree = "<group>"; };
		CDFB999D1628ADA900AF74B5 /* CGFrameBuffer.h */ = {isa = PBXFileReference; fileEncoding = 4; lastKnownFileType = sourcecode.c.h; path = CGFrameBuffer.h; sourceTree = "<group>"; };
		CDFB999E1628ADA900AF74B5 /* CGFrameBuffer.m */ = {isa = PBXFileReference; fileEncoding = 4; lastKnownFileType = sourcecode.c.objc; path = CGFrameBuffer.m; sourceTree = "<group>"; };
		CDFB999F1628ADA900AF74B5 /* libapng.c */ = {isa = PBXFileReference; fileEncoding = 4; lastKnownFileType = sourcecode.c.c; path = libapng.c; sourceTree = "<group>"; };
		CDFB99A01628ADA900AF74B5 /* libapng.h */ = {isa = PBXFileReference; fileEncoding = 4; lastKnownFileType = sourcecode.c.h; path = libapng.h; sourceTree = "<group>"; };
		CDFB99A11628ADA900AF74B5 /* maxvid_decode_arm.s */ = {isa = PBXFileReference; fileEncoding = 4; lastKnownFileType = sourcecode.asm; path = maxvid_decode_arm.s; sourceTree = "<group>"; };
		CDFB99A21628ADA900AF74B5 /* maxvid_decode.c */ = {isa = PBXFileReference; fileEncoding = 4; lastKnownFileType = sourcecode.c.c; path = maxvid_decode.c; sourceTree = "<group>"; };
		CDFB99A31628ADA900AF74B5 /* maxvid_decode.h */ = {isa = PBXFileReference; fileEncoding = 4; lastKnownFileType = sourcecode.c.h; path = maxvid_decode.h; sourceTree = "<group>"; };
		CDFB99A41628ADA900AF74B5 /* maxvid_encode.h */ = {isa = PBXFileReference; fileEncoding = 4; lastKnownFileType = sourcecode.c.h; path = maxvid_encode.h; sourceTree = "<group>"; };
		CDFB99A51628ADA900AF74B5 /* maxvid_encode.m */ = {isa = PBXFileReference; fileEncoding = 4; lastKnownFileType = sourcecode.c.objc; path = maxvid_encode.m; sourceTree = "<group>"; };
		CDFB99A61628ADA900AF74B5 /* maxvid_file.c */ = {isa = PBXFileReference; fileEncoding = 4; lastKnownFileType = sourcecode.c.c; path = maxvid_file.c; sourceTree = "<group>"; };
		CDFB99A71628ADA900AF74B5 /* maxvid_file.h */ = {isa = PBXFileReference; fileEncoding = 4; lastKnownFileType = sourcecode.c.h; path = maxvid_file.h; sourceTree = "<group>"; };
		CDFB99A81628ADA900AF74B5 /* movdata.c */ = {isa = PBXFileReference; fileEncoding = 4; lastKnownFileType = sourcecode.c.c; path = movdata.c; sourceTree = "<group>"; };
		CDFB99A91628ADA900AF74B5 /* movdata.h */ = {isa = PBXFileReference; fileEncoding = 4; lastKnownFileType = sourcecode.c.h; path = movdata.h; sourceTree = "<group>"; };
		CDFB99AA1628ADA900AF74B5 /* MovdataConvertMaxvid.h */ = {isa = PBXFileReference; fileEncoding = 4; lastKnownFileType = sourcecode.c.h; path = MovdataConvertMaxvid.h; sourceTree = "<group>"; };
		CDFB99AB1628ADA900AF74B5 /* MovdataConvertMaxvid.m */ = {isa = PBXFileReference; fileEncoding = 4; lastKnownFileType = sourcecode.c.objc; path = MovdataConvertMaxvid.m; sourceTree = "<group>"; };
		CDFB99AC1628ADA900AF74B5 /* SegmentedMappedData.h */ = {isa = PBXFileReference; fileEncoding = 4; lastKnownFileType = sourcecode.c.h; path = SegmentedMappedData.h; sourceTree = "<group>"; };
		CDFB99AD1628ADA900AF74B5 /* SegmentedMappedData.m */ = {isa = PBXFileReference; fileEncoding = 4; lastKnownFileType = sourcecode.c.objc; path = SegmentedMappedData.m; sourceTree = "<group>"; };
		CDFB99CC1628AE0E00AF74B5 /* CoreMedia.framework */ = {isa = PBXFileReference; lastKnownFileType = wrapper.framework; name = CoreMedia.framework; path = System/Library/Frameworks/CoreMedia.framework; sourceTree = SDKROOT; };
		CDFB99CE1628AE1500AF74B5 /* CoreVideo.framework */ = {isa = PBXFileReference; lastKnownFileType = wrapper.framework; name = CoreVideo.framework; path = System/Library/Frameworks/CoreVideo.framework; sourceTree = SDKROOT; };
/* End PBXFileReference section */

/* Begin PBXFrameworksBuildPhase section */
		1D60588F0D05DD3D006BFB54 /* Frameworks */ = {
			isa = PBXFrameworksBuildPhase;
			buildActionMask = 2147483647;
			files = (
				CDFB99CF1628AE1500AF74B5 /* CoreVideo.framework in Frameworks */,
				CDFB99CD1628AE0E00AF74B5 /* CoreMedia.framework in Frameworks */,
				CD143D6E1382363500963BBE /* MediaPlayer.framework in Frameworks */,
				CD143D6F1382363500963BBE /* QuartzCore.framework in Frameworks */,
				CD143D701382363500963BBE /* AudioToolbox.framework in Frameworks */,
				CD143D711382363500963BBE /* AVFoundation.framework in Frameworks */,
				CD143D721382363500963BBE /* UIKit.framework in Frameworks */,
				CD143D731382363500963BBE /* Foundation.framework in Frameworks */,
				CD143D741382363500963BBE /* CoreGraphics.framework in Frameworks */,
				CD143D901382368500963BBE /* libz.dylib in Frameworks */,
			);
			runOnlyForDeploymentPostprocessing = 0;
		};
/* End PBXFrameworksBuildPhase section */

/* Begin PBXGroup section */
		080E96DDFE201D6D7F000001 /* Classes */ = {
			isa = PBXGroup;
			children = (
				CD143D881382366800963BBE /* AutoPropertyRelease.h */,
				CD143D891382366800963BBE /* AutoPropertyRelease.m */,
				CD143E1B138257E100963BBE /* MovieControlsAdaptor.h */,
				CD143E1C138257E100963BBE /* MovieControlsAdaptor.m */,
				CD143DF71382577800963BBE /* MovieControls */,
				CD143BFB138235FC00963BBE /* LZMASDK */,
				CD143BB4138235F100963BBE /* AVAnimator */,
				1D3623240D0F684500981E51 /* AVSyncAppDelegate.h */,
				1D3623250D0F684500981E51 /* AVSyncAppDelegate.m */,
				28D7ACF60DDB3853001CB0EB /* AVSyncViewController.h */,
				28D7ACF70DDB3853001CB0EB /* AVSyncViewController.m */,
			);
			path = Classes;
			sourceTree = "<group>";
		};
		19C28FACFE9D520D11CA2CBB /* Products */ = {
			isa = PBXGroup;
			children = (
				1D6058910D05DD3D006BFB54 /* AVSync.app */,
			);
			name = Products;
			sourceTree = "<group>";
		};
		29B97314FDCFA39411CA2CEA /* CustomTemplate */ = {
			isa = PBXGroup;
			children = (
				080E96DDFE201D6D7F000001 /* Classes */,
				29B97315FDCFA39411CA2CEA /* Other Sources */,
				29B97317FDCFA39411CA2CEA /* Resources */,
				29B97323FDCFA39411CA2CEA /* Frameworks */,
				19C28FACFE9D520D11CA2CBB /* Products */,
			);
			name = CustomTemplate;
			sourceTree = "<group>";
		};
		29B97315FDCFA39411CA2CEA /* Other Sources */ = {
			isa = PBXGroup;
			children = (
				32CA4F630368D1EE00C91783 /* AVSync_Prefix.pch */,
				29B97316FDCFA39411CA2CEA /* main.m */,
			);
			name = "Other Sources";
			sourceTree = "<group>";
		};
		29B97317FDCFA39411CA2CEA /* Resources */ = {
			isa = PBXGroup;
			children = (
				CD143BAC1382351F00963BBE /* note_256.png */,
				CD2637D71390254400E18F0C /* Icon.png */,
				CD143B79138231BA00963BBE /* LS_Back_C_45BPM.caf */,
				CD143B7A138231BA00963BBE /* LS_Back_C_70BPM.caf */,
				CD143B7B138231BA00963BBE /* LS_C_Major_Open_4ths.mvid.7z */,
				2899E5210DE3E06400AC0155 /* AVSyncViewController.xib */,
				28AD733E0D9D9553002E5188 /* MainWindow.xib */,
				8D1107310486CEB800E47090 /* AVSync-Info.plist */,
			);
			name = Resources;
			sourceTree = "<group>";
		};
		29B97323FDCFA39411CA2CEA /* Frameworks */ = {
			isa = PBXGroup;
			children = (
				CDFB99CE1628AE1500AF74B5 /* CoreVideo.framework */,
				CDFB99CC1628AE0E00AF74B5 /* CoreMedia.framework */,
				CD143D8F1382368500963BBE /* libz.dylib */,
				CD143D671382363500963BBE /* MediaPlayer.framework */,
				CD143D681382363500963BBE /* QuartzCore.framework */,
				CD143D691382363500963BBE /* AudioToolbox.framework */,
				CD143D6A1382363500963BBE /* AVFoundation.framework */,
				CD143D6B1382363500963BBE /* UIKit.framework */,
				CD143D6C1382363500963BBE /* Foundation.framework */,
				CD143D6D1382363500963BBE /* CoreGraphics.framework */,
			);
			name = Frameworks;
			sourceTree = "<group>";
		};
		CD143BB4138235F100963BBE /* AVAnimator */ = {
			isa = PBXGroup;
			children = (
				CDFB996E1628ADA900AF74B5 /* ApngConvertMaxvid.h */,
				CDFB996F1628ADA900AF74B5 /* ApngConvertMaxvid.m */,
				CDFB99701628ADA900AF74B5 /* AV7zApng2MvidResourceLoader.h */,
				CDFB99711628ADA900AF74B5 /* AV7zApng2MvidResourceLoader.m */,
				CDFB99721628ADA900AF74B5 /* AV7zAppResourceLoader.h */,
				CDFB99731628ADA900AF74B5 /* AV7zAppResourceLoader.m */,
				CDFB99741628ADA900AF74B5 /* AV7zQT2MvidResourceLoader.h */,
				CDFB99751628ADA900AF74B5 /* AV7zQT2MvidResourceLoader.m */,
				CDFB99761628ADA900AF74B5 /* AVAnimatorLayer.h */,
				CDFB99771628ADA900AF74B5 /* AVAnimatorLayer.m */,
				CDFB99781628ADA900AF74B5 /* AVAnimatorLayerPrivate.h */,
				CDFB99791628ADA900AF74B5 /* AVAnimatorMedia.h */,
				CDFB997A1628ADA900AF74B5 /* AVAnimatorMedia.m */,
				CDFB997B1628ADA900AF74B5 /* AVAnimatorMediaPrivate.h */,
				CDFB997C1628ADA900AF74B5 /* AVAnimatorMediaRendererProtocol.h */,
				CDFB997D1628ADA900AF74B5 /* AVAnimatorView.h */,
				CDFB997E1628ADA900AF74B5 /* AVAnimatorView.m */,
				CDFB997F1628ADA900AF74B5 /* AVAnimatorViewPrivate.h */,
				CDFB99801628ADA900AF74B5 /* AVApng2MvidResourceLoader.h */,
				CDFB99811628ADA900AF74B5 /* AVApng2MvidResourceLoader.m */,
				CDFB99821628ADA900AF74B5 /* AVAppResourceLoader.h */,
				CDFB99831628ADA900AF74B5 /* AVAppResourceLoader.m */,
				CDFB99841628ADA900AF74B5 /* AVAsset2MvidResourceLoader.h */,
				CDFB99851628ADA900AF74B5 /* AVAsset2MvidResourceLoader.m */,
				CDFB99861628ADA900AF74B5 /* AVAssetConvertCommon.h */,
				CDFB99871628ADA900AF74B5 /* AVAssetReaderConvertMaxvid.h */,
				CDFB99881628ADA900AF74B5 /* AVAssetReaderConvertMaxvid.m */,
				CDFB99891628ADA900AF74B5 /* AVAssetWriterConvertFromMaxvid.h */,
				CDFB998A1628ADA900AF74B5 /* AVAssetWriterConvertFromMaxvid.m */,
				CDFB998B1628ADA900AF74B5 /* AVFileUtil.h */,
				CDFB998C1628ADA900AF74B5 /* AVFileUtil.m */,
				CDFB998D1628ADA900AF74B5 /* AVFrame.h */,
				CDFB998E1628ADA900AF74B5 /* AVFrame.m */,
				CDFB998F1628ADA900AF74B5 /* AVFrameDecoder.h */,
				CDFB99901628ADA900AF74B5 /* AVFrameDecoder.m */,
				CDFB99911628ADA900AF74B5 /* AVImageFrameDecoder.h */,
				CDFB99921628ADA900AF74B5 /* AVImageFrameDecoder.m */,
				CDFB99931628ADA900AF74B5 /* AVMvidFileWriter.h */,
				CDFB99941628ADA900AF74B5 /* AVMvidFileWriter.m */,
				CDFB99951628ADA900AF74B5 /* AVMvidFrameDecoder.h */,
				CDFB99961628ADA900AF74B5 /* AVMvidFrameDecoder.m */,
				CDFB99971628ADA900AF74B5 /* AVOfflineComposition.h */,
				CDFB99981628ADA900AF74B5 /* AVOfflineComposition.m */,
				CDFB99991628ADA900AF74B5 /* AVQTAnimationFrameDecoder.h */,
				CDFB999A1628ADA900AF74B5 /* AVQTAnimationFrameDecoder.m */,
				CDFB999B1628ADA900AF74B5 /* AVResourceLoader.h */,
				CDFB999C1628ADA900AF74B5 /* AVResourceLoader.m */,
				CDFB999D1628ADA900AF74B5 /* CGFrameBuffer.h */,
				CDFB999E1628ADA900AF74B5 /* CGFrameBuffer.m */,
				CDFB999F1628ADA900AF74B5 /* libapng.c */,
				CDFB99A01628ADA900AF74B5 /* libapng.h */,
				CDFB99A11628ADA900AF74B5 /* maxvid_decode_arm.s */,
				CDFB99A21628ADA900AF74B5 /* maxvid_decode.c */,
				CDFB99A31628ADA900AF74B5 /* maxvid_decode.h */,
				CDFB99A41628ADA900AF74B5 /* maxvid_encode.h */,
				CDFB99A51628ADA900AF74B5 /* maxvid_encode.m */,
				CDFB99A61628ADA900AF74B5 /* maxvid_file.c */,
				CDFB99A71628ADA900AF74B5 /* maxvid_file.h */,
				CDFB99A81628ADA900AF74B5 /* movdata.c */,
				CDFB99A91628ADA900AF74B5 /* movdata.h */,
				CDFB99AA1628ADA900AF74B5 /* MovdataConvertMaxvid.h */,
				CDFB99AB1628ADA900AF74B5 /* MovdataConvertMaxvid.m */,
				CDFB99AC1628ADA900AF74B5 /* SegmentedMappedData.h */,
				CDFB99AD1628ADA900AF74B5 /* SegmentedMappedData.m */,
			);
			path = AVAnimator;
			sourceTree = "<group>";
		};
		CD143BFB138235FC00963BBE /* LZMASDK */ = {
			isa = PBXGroup;
			children = (
				CD143BFC138235FC00963BBE /* 7z.h */,
				CD143BFD138235FC00963BBE /* 7zBuf.c */,
				CD143BFE138235FC00963BBE /* 7zBuf.h */,
				CD143BFF138235FC00963BBE /* 7zBuf2.c */,
				CD143C00138235FC00963BBE /* 7zDec.c */,
				CD143C01138235FC00963BBE /* 7zFile.c */,
				CD143C02138235FC00963BBE /* 7zFile.h */,
				CD143C03138235FC00963BBE /* 7zIn.c */,
				CD143C04138235FC00963BBE /* 7zStream.c */,
				CD143C05138235FC00963BBE /* 7zVersion.h */,
				CD143C06138235FC00963BBE /* Alloc.c */,
				CD143C07138235FC00963BBE /* Alloc.h */,
				CD143C08138235FC00963BBE /* CpuArch.c */,
				CD143C09138235FC00963BBE /* CpuArch.h */,
				CD143C0A138235FC00963BBE /* Delta.c */,
				CD143C0B138235FC00963BBE /* Delta.h */,
				CD143C0C138235FC00963BBE /* LzHash.h */,
				CD143C0D138235FC00963BBE /* Lzma2Dec.c */,
				CD143C0E138235FC00963BBE /* Lzma2Dec.h */,
				CD143C0F138235FC00963BBE /* LzmaDec.c */,
				CD143C10138235FC00963BBE /* LzmaDec.h */,
				CD143C11138235FC00963BBE /* LZMAExtractor.h */,
				CD143C12138235FC00963BBE /* LZMAExtractor.m */,
				CD143C13138235FC00963BBE /* Ppmd.h */,
				CD143C14138235FC00963BBE /* Ppmd7.c */,
				CD143C15138235FC00963BBE /* Ppmd7.h */,
				CD143C16138235FC00963BBE /* Ppmd7Dec.c */,
				CD143C17138235FC00963BBE /* Ppmd8.c */,
				CD143C18138235FC00963BBE /* Ppmd8.h */,
				CD143C19138235FC00963BBE /* Ppmd8Dec.c */,
				CD143C1A138235FC00963BBE /* RotateDefs.h */,
				CD143C1B138235FC00963BBE /* Types.h */,
				CD143C1C138235FC00963BBE /* Util */,
			);
			path = LZMASDK;
			sourceTree = "<group>";
		};
		CD143C1C138235FC00963BBE /* Util */ = {
			isa = PBXGroup;
			children = (
				CD143C1D138235FC00963BBE /* 7z */,
			);
			path = Util;
			sourceTree = "<group>";
		};
		CD143C1D138235FC00963BBE /* 7z */ = {
			isa = PBXGroup;
			children = (
				CD143C1E138235FC00963BBE /* 7zAlloc.c */,
				CD143C1F138235FC00963BBE /* 7zAlloc.h */,
				CD143C20138235FC00963BBE /* 7zMain.c */,
			);
			path = 7z;
			sourceTree = "<group>";
		};
		CD143DF71382577800963BBE /* MovieControls */ = {
			isa = PBXGroup;
			children = (
				CD143DF81382577800963BBE /* MovieControlsView.h */,
				CD143DF91382577800963BBE /* MovieControlsView.m */,
				CD143DFA1382577800963BBE /* MovieControlsViewController.h */,
				CD143DFB1382577800963BBE /* MovieControlsViewController.m */,
				CD143DFC1382577800963BBE /* MovieTransportBackground.png */,
				CD143DFD1382577800963BBE /* nexttrack.png */,
				CD143DFE1382577800963BBE /* pause.png */,
				CD143DFF1382577800963BBE /* play.png */,
				CD143E001382577800963BBE /* prevtrack.png */,
				CD143E011382577800963BBE /* VolumeLeftTall.png */,
				CD143E021382577800963BBE /* VolumeRightTall.png */,
			);
			path = MovieControls;
			sourceTree = "<group>";
		};
/* End PBXGroup section */

/* Begin PBXNativeTarget section */
		1D6058900D05DD3D006BFB54 /* AVSync */ = {
			isa = PBXNativeTarget;
			buildConfigurationList = 1D6058960D05DD3E006BFB54 /* Build configuration list for PBXNativeTarget "AVSync" */;
			buildPhases = (
				1D60588D0D05DD3D006BFB54 /* Resources */,
				1D60588E0D05DD3D006BFB54 /* Sources */,
				1D60588F0D05DD3D006BFB54 /* Frameworks */,
			);
			buildRules = (
			);
			dependencies = (
			);
			name = AVSync;
			productName = AVSync;
			productReference = 1D6058910D05DD3D006BFB54 /* AVSync.app */;
			productType = "com.apple.product-type.application";
		};
/* End PBXNativeTarget section */

/* Begin PBXProject section */
		29B97313FDCFA39411CA2CEA /* Project object */ = {
			isa = PBXProject;
			attributes = {
				LastUpgradeCheck = 0420;
			};
			buildConfigurationList = C01FCF4E08A954540054247B /* Build configuration list for PBXProject "AVSync" */;
			compatibilityVersion = "Xcode 3.2";
			developmentRegion = English;
			hasScannedForEncodings = 1;
			knownRegions = (
				English,
				Japanese,
				French,
				German,
			);
			mainGroup = 29B97314FDCFA39411CA2CEA /* CustomTemplate */;
			projectDirPath = "";
			projectRoot = "";
			targets = (
				1D6058900D05DD3D006BFB54 /* AVSync */,
			);
		};
/* End PBXProject section */

/* Begin PBXResourcesBuildPhase section */
		1D60588D0D05DD3D006BFB54 /* Resources */ = {
			isa = PBXResourcesBuildPhase;
			buildActionMask = 2147483647;
			files = (
				28AD733F0D9D9553002E5188 /* MainWindow.xib in Resources */,
				2899E5220DE3E06400AC0155 /* AVSyncViewController.xib in Resources */,
				CD143B7C138231BA00963BBE /* LS_Back_C_45BPM.caf in Resources */,
				CD143B7D138231BA00963BBE /* LS_Back_C_70BPM.caf in Resources */,
				CD143B7E138231BA00963BBE /* LS_C_Major_Open_4ths.mvid.7z in Resources */,
				CD143BAD1382351F00963BBE /* note_256.png in Resources */,
				CD143E051382577800963BBE /* MovieTransportBackground.png in Resources */,
				CD143E061382577800963BBE /* nexttrack.png in Resources */,
				CD143E071382577800963BBE /* pause.png in Resources */,
				CD143E081382577800963BBE /* play.png in Resources */,
				CD143E091382577800963BBE /* prevtrack.png in Resources */,
				CD143E0A1382577800963BBE /* VolumeLeftTall.png in Resources */,
				CD143E0B1382577800963BBE /* VolumeRightTall.png in Resources */,
				CD2637D81390254400E18F0C /* Icon.png in Resources */,
			);
			runOnlyForDeploymentPostprocessing = 0;
		};
/* End PBXResourcesBuildPhase section */

/* Begin PBXSourcesBuildPhase section */
		1D60588E0D05DD3D006BFB54 /* Sources */ = {
			isa = PBXSourcesBuildPhase;
			buildActionMask = 2147483647;
			files = (
				1D60589B0D05DD56006BFB54 /* main.m in Sources */,
				1D3623260D0F684500981E51 /* AVSyncAppDelegate.m in Sources */,
				28D7ACF80DDB3853001CB0EB /* AVSyncViewController.m in Sources */,
				CD143C21138235FC00963BBE /* 7zBuf.c in Sources */,
				CD143C22138235FC00963BBE /* 7zBuf2.c in Sources */,
				CD143C23138235FC00963BBE /* 7zDec.c in Sources */,
				CD143C24138235FC00963BBE /* 7zFile.c in Sources */,
				CD143C25138235FC00963BBE /* 7zIn.c in Sources */,
				CD143C26138235FC00963BBE /* 7zStream.c in Sources */,
				CD143C27138235FC00963BBE /* Alloc.c in Sources */,
				CD143C28138235FC00963BBE /* CpuArch.c in Sources */,
				CD143C29138235FC00963BBE /* Delta.c in Sources */,
				CD143C2A138235FC00963BBE /* Lzma2Dec.c in Sources */,
				CD143C2B138235FC00963BBE /* LzmaDec.c in Sources */,
				CD143C2C138235FC00963BBE /* LZMAExtractor.m in Sources */,
				CD143C2D138235FC00963BBE /* Ppmd7.c in Sources */,
				CD143C2E138235FC00963BBE /* Ppmd7Dec.c in Sources */,
				CD143C2F138235FC00963BBE /* Ppmd8.c in Sources */,
				CD143C30138235FC00963BBE /* Ppmd8Dec.c in Sources */,
				CD143C31138235FC00963BBE /* 7zAlloc.c in Sources */,
				CD143C32138235FC00963BBE /* 7zMain.c in Sources */,
				CD143D8A1382366800963BBE /* AutoPropertyRelease.m in Sources */,
				CD143E031382577800963BBE /* MovieControlsView.m in Sources */,
				CD143E041382577800963BBE /* MovieControlsViewController.m in Sources */,
				CD143E1D138257E100963BBE /* MovieControlsAdaptor.m in Sources */,
				CDFB99AE1628ADA900AF74B5 /* ApngConvertMaxvid.m in Sources */,
				CDFB99AF1628ADA900AF74B5 /* AV7zApng2MvidResourceLoader.m in Sources */,
				CDFB99B01628ADA900AF74B5 /* AV7zAppResourceLoader.m in Sources */,
				CDFB99B11628ADA900AF74B5 /* AV7zQT2MvidResourceLoader.m in Sources */,
				CDFB99B21628ADA900AF74B5 /* AVAnimatorLayer.m in Sources */,
				CDFB99B31628ADA900AF74B5 /* AVAnimatorMedia.m in Sources */,
				CDFB99B41628ADA900AF74B5 /* AVAnimatorView.m in Sources */,
				CDFB99B51628ADA900AF74B5 /* AVApng2MvidResourceLoader.m in Sources */,
				CDFB99B61628ADA900AF74B5 /* AVAppResourceLoader.m in Sources */,
				CDFB99B71628ADA900AF74B5 /* AVAsset2MvidResourceLoader.m in Sources */,
				CDFB99B81628ADA900AF74B5 /* AVAssetReaderConvertMaxvid.m in Sources */,
				CDFB99B91628ADA900AF74B5 /* AVAssetWriterConvertFromMaxvid.m in Sources */,
				CDFB99BA1628ADA900AF74B5 /* AVFileUtil.m in Sources */,
				CDFB99BB1628ADA900AF74B5 /* AVFrame.m in Sources */,
				CDFB99BC1628ADA900AF74B5 /* AVFrameDecoder.m in Sources */,
				CDFB99BD1628ADA900AF74B5 /* AVImageFrameDecoder.m in Sources */,
				CDFB99BE1628ADA900AF74B5 /* AVMvidFileWriter.m in Sources */,
				CDFB99BF1628ADA900AF74B5 /* AVMvidFrameDecoder.m in Sources */,
				CDFB99C01628ADA900AF74B5 /* AVOfflineComposition.m in Sources */,
				CDFB99C11628ADA900AF74B5 /* AVQTAnimationFrameDecoder.m in Sources */,
				CDFB99C21628ADA900AF74B5 /* AVResourceLoader.m in Sources */,
				CDFB99C31628ADA900AF74B5 /* CGFrameBuffer.m in Sources */,
				CDFB99C41628ADA900AF74B5 /* libapng.c in Sources */,
				CDFB99C51628ADA900AF74B5 /* maxvid_decode_arm.s in Sources */,
				CDFB99C61628ADA900AF74B5 /* maxvid_decode.c in Sources */,
				CDFB99C71628ADA900AF74B5 /* maxvid_encode.m in Sources */,
				CDFB99C81628ADA900AF74B5 /* maxvid_file.c in Sources */,
				CDFB99C91628ADA900AF74B5 /* movdata.c in Sources */,
				CDFB99CA1628ADA900AF74B5 /* MovdataConvertMaxvid.m in Sources */,
				CDFB99CB1628ADA900AF74B5 /* SegmentedMappedData.m in Sources */,
			);
			runOnlyForDeploymentPostprocessing = 0;
		};
/* End PBXSourcesBuildPhase section */

/* Begin XCBuildConfiguration section */
		1D6058940D05DD3E006BFB54 /* Debug */ = {
			isa = XCBuildConfiguration;
			buildSettings = {
				ALWAYS_SEARCH_USER_PATHS = NO;
				COPY_PHASE_STRIP = NO;
				GCC_DYNAMIC_NO_PIC = NO;
				GCC_OPTIMIZATION_LEVEL = 0;
				GCC_PRECOMPILE_PREFIX_HEADER = YES;
				GCC_PREFIX_HEADER = AVSync_Prefix.pch;
				INFOPLIST_FILE = "AVSync-Info.plist";
				PRODUCT_NAME = AVSync;
			};
			name = Debug;
		};
		1D6058950D05DD3E006BFB54 /* Release */ = {
			isa = XCBuildConfiguration;
			buildSettings = {
				ALWAYS_SEARCH_USER_PATHS = NO;
				COPY_PHASE_STRIP = YES;
				GCC_PRECOMPILE_PREFIX_HEADER = YES;
				GCC_PREFIX_HEADER = AVSync_Prefix.pch;
				INFOPLIST_FILE = "AVSync-Info.plist";
				PRODUCT_NAME = AVSync;
				VALIDATE_PRODUCT = YES;
			};
			name = Release;
		};
		C01FCF4F08A954540054247B /* Debug */ = {
			isa = XCBuildConfiguration;
			buildSettings = {
				ARCHS = "$(ARCHS_STANDARD_32_BIT)";
				"CODE_SIGN_IDENTITY[sdk=iphoneos*]" = "iPhone Developer";
				GCC_C_LANGUAGE_STANDARD = c99;
				GCC_WARN_ABOUT_RETURN_TYPE = YES;
				GCC_WARN_UNUSED_VARIABLE = YES;
				IPHONEOS_DEPLOYMENT_TARGET = 3.1.3;
				SDKROOT = iphoneos;
			};
			name = Debug;
		};
		C01FCF5008A954540054247B /* Release */ = {
			isa = XCBuildConfiguration;
			buildSettings = {
				ARCHS = "$(ARCHS_STANDARD_32_BIT)";
				"CODE_SIGN_IDENTITY[sdk=iphoneos*]" = "iPhone Developer";
				GCC_C_LANGUAGE_STANDARD = c99;
				GCC_WARN_ABOUT_RETURN_TYPE = YES;
				GCC_WARN_UNUSED_VARIABLE = YES;
				IPHONEOS_DEPLOYMENT_TARGET = 3.1.3;
				OTHER_CFLAGS = "";
				SDKROOT = iphoneos;
			};
			name = Release;
		};
/* End XCBuildConfiguration section */

/* Begin XCConfigurationList section */
		1D6058960D05DD3E006BFB54 /* Build configuration list for PBXNativeTarget "AVSync" */ = {
			isa = XCConfigurationList;
			buildConfigurations = (
				1D6058940D05DD3E006BFB54 /* Debug */,
				1D6058950D05DD3E006BFB54 /* Release */,
			);
			defaultConfigurationIsVisible = 0;
			defaultConfigurationName = Release;
		};
		C01FCF4E08A954540054247B /* Build configuration list for PBXProject "AVSync" */ = {
			isa = XCConfigurationList;
			buildConfigurations = (
				C01FCF4F08A954540054247B /* Debug */,
				C01FCF5008A954540054247B /* Release */,
			);
			defaultConfigurationIsVisible = 0;
			defaultConfigurationName = Release;
		};
/* End XCConfigurationList section */
	};
	rootObject = 29B97313FDCFA39411CA2CEA /* Project object */;
}
